
Microsoft Visual Studio Solution File, Format Version 12.00
# Visual Studio Version 17
VisualStudioVersion = 17.0.31903.59
MinimumVisualStudioVersion = 10.0.40219.1
Project("{FAE04EC0-301F-11D3-BF4B-00C04F79EFBC}") = "JB2026.Api", "JB2026.Api\JB2026.Api.csproj", "{993B11E3-3C96-4B9C-A1CA-3FC32B9B9917}"
EndProject
Project("{FAE04EC0-301F-11D3-BF4B-00C04F79EFBC}") = "JB2026.EfCore", "JB2026.EfCore\JB2026.EfCore.csproj", "{3AB562E3-33CF-4909-9543-7C7DA17AAFDB}"
EndProject
Project("{FAE04EC0-301F-11D3-BF4B-00C04F79EFBC}") = "JB2026.Rest", "JB2026.Rest\JB2026.Rest.csproj", "{16397340-D5CE-4933-84BF-3C31018BB634}"
EndProject
Project("{FAE04EC0-301F-11D3-BF4B-00C04F79EFBC}") = "JB2026.WebApp", "JB2026.WebApp\JB2026.WebApp.csproj", "{3A7CAB2E-4FBF-4BC9-BA8B-9B712C5B43E6}"
EndProject
Project("{FAE04EC0-301F-11D3-BF4B-00C04F79EFBC}") = "JB2026.DataAccess", "JB2026.DataAccess\JB2026.DataAccess.csproj", "{341B5541-46BE-4CE8-8A02-7371C01F3715}"
EndProject
Project("{FAE04EC0-301F-11D3-BF4B-00C04F79EFBC}") = "JB2026.Infrastructure", "JB2026.Infrastructure\JB2026.Infrastructure.csproj", "{FBD21C95-A4B0-4E2E-8365-E33E909EB91B}"
EndProject
Project("{FAE04EC0-301F-11D3-BF4B-00C04F79EFBC}") = "JB2026.Api.ParityTests", "JB2026.Api.ParityTests\JB2026.Api.ParityTests.csproj", "{9DA6830F-42DF-4A9D-9D14-A5712DC446E6}"
EndProject
Project("{FAE04EC0-301F-11D3-BF4B-00C04F79EFBC}") = "JB2026.WebApp.Tests", "JB2026.WebApp.Tests\JB2026.WebApp.Tests.csproj", "{8633A876-93CA-4EFC-AFAC-582A4D5087D7}"
EndProject
Project("{FAE04EC0-301F-11D3-BF4B-00C04F79EFBC}") = "JB2026.Rest.Tests", "JB2026.Rest.Tests\JB2026.Rest.Tests.csproj", "{FB223F76-E1BC-4735-A523-0BED7992B2CC}"
EndProject
Project("{FAE04EC0-301F-11D3-BF4B-00C04F79EFBC}") = "JB2026.Reporting", "JB2026.Reporting\JB2026.Reporting.csproj", "{DA49A6CE-4EED-493A-AB88-5D52F2E33406}"
EndProject
Global
	GlobalSection(SolutionConfigurationPlatforms) = preSolution
		Debug|Any CPU = Debug|Any CPU
		Debug|x64 = Debug|x64
		Debug|x86 = Debug|x86
		Release|Any CPU = Release|Any CPU
		Release|x64 = Release|x64
		Release|x86 = Release|x86
	EndGlobalSection
	GlobalSection(ProjectConfigurationPlatforms) = postSolution
		{993B11E3-3C96-4B9C-A1CA-3FC32B9B9917}.Debug|Any CPU.ActiveCfg = Debug|Any CPU
		{993B11E3-3C96-4B9C-A1CA-3FC32B9B9917}.Debug|Any CPU.Build.0 = Debug|Any CPU
		{993B11E3-3C96-4B9C-A1CA-3FC32B9B9917}.Debug|x64.ActiveCfg = Debug|Any CPU
		{993B11E3-3C96-4B9C-A1CA-3FC32B9B9917}.Debug|x64.Build.0 = Debug|Any CPU
		{993B11E3-3C96-4B9C-A1CA-3FC32B9B9917}.Debug|x86.ActiveCfg = Debug|Any CPU
		{993B11E3-3C96-4B9C-A1CA-3FC32B9B9917}.Debug|x86.Build.0 = Debug|Any CPU
		{993B11E3-3C96-4B9C-A1CA-3FC32B9B9917}.Release|Any CPU.ActiveCfg = Release|Any CPU
		{993B11E3-3C96-4B9C-A1CA-3FC32B9B9917}.Release|Any CPU.Build.0 = Release|Any CPU
		{993B11E3-3C96-4B9C-A1CA-3FC32B9B9917}.Release|x64.ActiveCfg = Release|Any CPU
		{993B11E3-3C96-4B9C-A1CA-3FC32B9B9917}.Release|x64.Build.0 = Release|Any CPU
		{993B11E3-3C96-4B9C-A1CA-3FC32B9B9917}.Release|x86.ActiveCfg = Release|Any CPU
		{993B11E3-3C96-4B9C-A1CA-3FC32B9B9917}.Release|x86.Build.0 = Release|Any CPU
		{3AB562E3-33CF-4909-9543-7C7DA17AAFDB}.Debug|Any CPU.ActiveCfg = Debug|Any CPU
		{3AB562E3-33CF-4909-9543-7C7DA17AAFDB}.Debug|Any CPU.Build.0 = Debug|Any CPU
		{3AB562E3-33CF-4909-9543-7C7DA17AAFDB}.Debug|x64.ActiveCfg = Debug|Any CPU
		{3AB562E3-33CF-4909-9543-7C7DA17AAFDB}.Debug|x64.Build.0 = Debug|Any CPU
		{3AB562E3-33CF-4909-9543-7C7DA17AAFDB}.Debug|x86.ActiveCfg = Debug|Any CPU
		{3AB562E3-33CF-4909-9543-7C7DA17AAFDB}.Debug|x86.Build.0 = Debug|Any CPU
		{3AB562E3-33CF-4909-9543-7C7DA17AAFDB}.Release|Any CPU.ActiveCfg = Release|Any CPU
		{3AB562E3-33CF-4909-9543-7C7DA17AAFDB}.Release|Any CPU.Build.0 = Release|Any CPU
		{3AB562E3-33CF-4909-9543-7C7DA17AAFDB}.Release|x64.ActiveCfg = Release|Any CPU
		{3AB562E3-33CF-4909-9543-7C7DA17AAFDB}.Release|x64.Build.0 = Release|Any CPU
		{3AB562E3-33CF-4909-9543-7C7DA17AAFDB}.Release|x86.ActiveCfg = Release|Any CPU
		{3AB562E3-33CF-4909-9543-7C7DA17AAFDB}.Release|x86.Build.0 = Release|Any CPU
		{16397340-D5CE-4933-84BF-3C31018BB634}.Debug|Any CPU.ActiveCfg = Debug|Any CPU
		{16397340-D5CE-4933-84BF-3C31018BB634}.Debug|Any CPU.Build.0 = Debug|Any CPU
		{16397340-D5CE-4933-84BF-3C31018BB634}.Debug|x64.ActiveCfg = Debug|Any CPU
		{16397340-D5CE-4933-84BF-3C31018BB634}.Debug|x64.Build.0 = Debug|Any CPU
		{16397340-D5CE-4933-84BF-3C31018BB634}.Debug|x86.ActiveCfg = Debug|Any CPU
		{16397340-D5CE-4933-84BF-3C31018BB634}.Debug|x86.Build.0 = Debug|Any CPU
		{16397340-D5CE-4933-84BF-3C31018BB634}.Release|Any CPU.ActiveCfg = Release|Any CPU
		{16397340-D5CE-4933-84BF-3C31018BB634}.Release|Any CPU.Build.0 = Release|Any CPU
		{16397340-D5CE-4933-84BF-3C31018BB634}.Release|x64.ActiveCfg = Release|Any CPU
		{16397340-D5CE-4933-84BF-3C31018BB634}.Release|x64.Build.0 = Release|Any CPU
		{16397340-D5CE-4933-84BF-3C31018BB634}.Release|x86.ActiveCfg = Release|Any CPU
		{16397340-D5CE-4933-84BF-3C31018BB634}.Release|x86.Build.0 = Release|Any CPU
		{3A7CAB2E-4FBF-4BC9-BA8B-9B712C5B43E6}.Debug|Any CPU.ActiveCfg = Debug|Any CPU
		{3A7CAB2E-4FBF-4BC9-BA8B-9B712C5B43E6}.Debug|Any CPU.Build.0 = Debug|Any CPU
		{3A7CAB2E-4FBF-4BC9-BA8B-9B712C5B43E6}.Debug|x64.ActiveCfg = Debug|Any CPU
		{3A7CAB2E-4FBF-4BC9-BA8B-9B712C5B43E6}.Debug|x64.Build.0 = Debug|Any CPU
		{3A7CAB2E-4FBF-4BC9-BA8B-9B712C5B43E6}.Debug|x86.ActiveCfg = Debug|Any CPU
		{3A7CAB2E-4FBF-4BC9-BA8B-9B712C5B43E6}.Debug|x86.Build.0 = Debug|Any CPU
		{3A7CAB2E-4FBF-4BC9-BA8B-9B712C5B43E6}.Release|Any CPU.ActiveCfg = Release|Any CPU
		{3A7CAB2E-4FBF-4BC9-BA8B-9B712C5B43E6}.Release|Any CPU.Build.0 = Release|Any CPU
		{3A7CAB2E-4FBF-4BC9-BA8B-9B712C5B43E6}.Release|x64.ActiveCfg = Release|Any CPU
		{3A7CAB2E-4FBF-4BC9-BA8B-9B712C5B43E6}.Release|x64.Build.0 = Release|Any CPU
		{3A7CAB2E-4FBF-4BC9-BA8B-9B712C5B43E6}.Release|x86.ActiveCfg = Release|Any CPU
		{3A7CAB2E-4FBF-4BC9-BA8B-9B712C5B43E6}.Release|x86.Build.0 = Release|Any CPU
		{341B5541-46BE-4CE8-8A02-7371C01F3715}.Debug|Any CPU.ActiveCfg = Debug|Any CPU
		{341B5541-46BE-4CE8-8A02-7371C01F3715}.Debug|Any CPU.Build.0 = Debug|Any CPU
		{341B5541-46BE-4CE8-8A02-7371C01F3715}.Debug|x64.ActiveCfg = Debug|Any CPU
		{341B5541-46BE-4CE8-8A02-7371C01F3715}.Debug|x64.Build.0 = Debug|Any CPU
		{341B5541-46BE-4CE8-8A02-7371C01F3715}.Debug|x86.ActiveCfg = Debug|Any CPU
		{341B5541-46BE-4CE8-8A02-7371C01F3715}.Debug|x86.Build.0 = Debug|Any CPU
		{341B5541-46BE-4CE8-8A02-7371C01F3715}.Release|Any CPU.ActiveCfg = Release|Any CPU
		{341B5541-46BE-4CE8-8A02-7371C01F3715}.Release|Any CPU.Build.0 = Release|Any CPU
		{341B5541-46BE-4CE8-8A02-7371C01F3715}.Release|x64.ActiveCfg = Release|Any CPU
		{341B5541-46BE-4CE8-8A02-7371C01F3715}.Release|x64.Build.0 = Release|Any CPU
		{341B5541-46BE-4CE8-8A02-7371C01F3715}.Release|x86.ActiveCfg = Release|Any CPU
		{341B5541-46BE-4CE8-8A02-7371C01F3715}.Release|x86.Build.0 = Release|Any CPU
		{FBD21C95-A4B0-4E2E-8365-E33E909EB91B}.Debug|Any CPU.ActiveCfg = Debug|Any CPU
		{FBD21C95-A4B0-4E2E-8365-E33E909EB91B}.Debug|Any CPU.Build.0 = Debug|Any CPU
		{FBD21C95-A4B0-4E2E-8365-E33E909EB91B}.Debug|x64.ActiveCfg = Debug|Any CPU
		{FBD21C95-A4B0-4E2E-8365-E33E909EB91B}.Debug|x64.Build.0 = Debug|Any CPU
		{FBD21C95-A4B0-4E2E-8365-E33E909EB91B}.Debug|x86.ActiveCfg = Debug|Any CPU
		{FBD21C95-A4B0-4E2E-8365-E33E909EB91B}.Debug|x86.Build.0 = Debug|Any CPU
		{FBD21C95-A4B0-4E2E-8365-E33E909EB91B}.Release|Any CPU.ActiveCfg = Release|Any CPU
		{FBD21C95-A4B0-4E2E-8365-E33E909EB91B}.Release|Any CPU.Build.0 = Release|Any CPU
		{FBD21C95-A4B0-4E2E-8365-E33E909EB91B}.Release|x64.ActiveCfg = Release|Any CPU
		{FBD21C95-A4B0-4E2E-8365-E33E909EB91B}.Release|x64.Build.0 = Release|Any CPU
		{FBD21C95-A4B0-4E2E-8365-E33E909EB91B}.Release|x86.ActiveCfg = Release|Any CPU
		{FBD21C95-A4B0-4E2E-8365-E33E909EB91B}.Release|x86.Build.0 = Release|Any CPU
		{9DA6830F-42DF-4A9D-9D14-A5712DC446E6}.Debug|Any CPU.ActiveCfg = Debug|Any CPU
		{9DA6830F-42DF-4A9D-9D14-A5712DC446E6}.Debug|Any CPU.Build.0 = Debug|Any CPU
		{9DA6830F-42DF-4A9D-9D14-A5712DC446E6}.Debug|x64.ActiveCfg = Debug|Any CPU
		{9DA6830F-42DF-4A9D-9D14-A5712DC446E6}.Debug|x64.Build.0 = Debug|Any CPU
		{9DA6830F-42DF-4A9D-9D14-A5712DC446E6}.Debug|x86.ActiveCfg = Debug|Any CPU
		{9DA6830F-42DF-4A9D-9D14-A5712DC446E6}.Debug|x86.Build.0 = Debug|Any CPU
		{9DA6830F-42DF-4A9D-9D14-A5712DC446E6}.Release|Any CPU.ActiveCfg = Release|Any CPU
		{9DA6830F-42DF-4A9D-9D14-A5712DC446E6}.Release|Any CPU.Build.0 = Release|Any CPU
		{9DA6830F-42DF-4A9D-9D14-A5712DC446E6}.Release|x64.ActiveCfg = Release|Any CPU
		{9DA6830F-42DF-4A9D-9D14-A5712DC446E6}.Release|x64.Build.0 = Release|Any CPU
		{9DA6830F-42DF-4A9D-9D14-A5712DC446E6}.Release|x86.ActiveCfg = Release|Any CPU
		{9DA6830F-42DF-4A9D-9D14-A5712DC446E6}.Release|x86.Build.0 = Release|Any CPU
		{8633A876-93CA-4EFC-AFAC-582A4D5087D7}.Debug|Any CPU.ActiveCfg = Debug|Any CPU
		{8633A876-93CA-4EFC-AFAC-582A4D5087D7}.Debug|Any CPU.Build.0 = Debug|Any CPU
		{8633A876-93CA-4EFC-AFAC-582A4D5087D7}.Debug|x64.ActiveCfg = Debug|Any CPU
		{8633A876-93CA-4EFC-AFAC-582A4D5087D7}.Debug|x64.Build.0 = Debug|Any CPU
		{8633A876-93CA-4EFC-AFAC-582A4D5087D7}.Debug|x86.ActiveCfg = Debug|Any CPU
		{8633A876-93CA-4EFC-AFAC-582A4D5087D7}.Debug|x86.Build.0 = Debug|Any CPU
		{8633A876-93CA-4EFC-AFAC-582A4D5087D7}.Release|Any CPU.ActiveCfg = Release|Any CPU
		{8633A876-93CA-4EFC-AFAC-582A4D5087D7}.Release|Any CPU.Build.0 = Release|Any CPU
		{8633A876-93CA-4EFC-AFAC-582A4D5087D7}.Release|x64.ActiveCfg = Release|Any CPU
		{8633A876-93CA-4EFC-AFAC-582A4D5087D7}.Release|x64.Build.0 = Release|Any CPU
		{8633A876-93CA-4EFC-AFAC-582A4D5087D7}.Release|x86.ActiveCfg = Release|Any CPU
		{8633A876-93CA-4EFC-AFAC-582A4D5087D7}.Release|x86.Build.0 = Release|Any CPU
		{FB223F76-E1BC-4735-A523-0BED7992B2CC}.Debug|Any CPU.ActiveCfg = Debug|Any CPU
		{FB223F76-E1BC-4735-A523-0BED7992B2CC}.Debug|Any CPU.Build.0 = Debug|Any CPU
		{FB223F76-E1BC-4735-A523-0BED7992B2CC}.Debug|x64.ActiveCfg = Debug|Any CPU
		{FB223F76-E1BC-4735-A523-0BED7992B2CC}.Debug|x64.Build.0 = Debug|Any CPU
		{FB223F76-E1BC-4735-A523-0BED7992B2CC}.Debug|x86.ActiveCfg = Debug|Any CPU
		{FB223F76-E1BC-4735-A523-0BED7992B2CC}.Debug|x86.Build.0 = Debug|Any CPU
		{FB223F76-E1BC-4735-A523-0BED7992B2CC}.Release|Any CPU.ActiveCfg = Release|Any CPU
		{FB223F76-E1BC-4735-A523-0BED7992B2CC}.Release|Any CPU.Build.0 = Release|Any CPU
		{FB223F76-E1BC-4735-A523-0BED7992B2CC}.Release|x64.ActiveCfg = Release|Any CPU
		{FB223F76-E1BC-4735-A523-0BED7992B2CC}.Release|x64.Build.0 = Release|Any CPU
		{FB223F76-E1BC-4735-A523-0BED7992B2CC}.Release|x86.ActiveCfg = Release|Any CPU
		{FB223F76-E1BC-4735-A523-0BED7992B2CC}.Release|x86.Build.0 = Release|Any CPU
		{DA49A6CE-4EED-493A-AB88-5D52F2E33406}.Debug|Any CPU.ActiveCfg = Debug|Any CPU
		{DA49A6CE-4EED-493A-AB88-5D52F2E33406}.Debug|Any CPU.Build.0 = Debug|Any CPU
		{DA49A6CE-4EED-493A-AB88-5D52F2E33406}.Debug|x64.ActiveCfg = Debug|Any CPU
		{DA49A6CE-4EED-493A-AB88-5D52F2E33406}.Debug|x64.Build.0 = Debug|Any CPU
		{DA49A6CE-4EED-493A-AB88-5D52F2E33406}.Debug|x86.ActiveCfg = Debug|Any CPU
		{DA49A6CE-4EED-493A-AB88-5D52F2E33406}.Debug|x86.Build.0 = Debug|Any CPU
		{DA49A6CE-4EED-493A-AB88-5D52F2E33406}.Release|Any CPU.ActiveCfg = Release|Any CPU
		{DA49A6CE-4EED-493A-AB88-5D52F2E33406}.Release|Any CPU.Build.0 = Release|Any CPU
		{DA49A6CE-4EED-493A-AB88-5D52F2E33406}.Release|x64.ActiveCfg = Release|Any CPU
		{DA49A6CE-4EED-493A-AB88-5D52F2E33406}.Release|x64.Build.0 = Release|Any CPU
		{DA49A6CE-4EED-493A-AB88-5D52F2E33406}.Release|x86.ActiveCfg = Release|Any CPU
		{DA49A6CE-4EED-493A-AB88-5D52F2E33406}.Release|x86.Build.0 = Release|Any CPU
	EndGlobalSection
	GlobalSection(SolutionProperties) = preSolution
		HideSolutionNode = FALSE
	EndGlobalSection
EndGlobal
